
Microsoft Visual Studio Solution File, Format Version 12.00
# Visual Studio Version 16
VisualStudioVersion = 16.0.32602.291
MinimumVisualStudioVersion = 10.0.40219.1
Project("{FAE04EC0-301F-11D3-BF4B-00C04F79EFBC}") = "eCommerce Application", "eCommerce Application.csproj", "{4E32C1AB-7BC8-4F11-99AF-C191BA05AFEF}"
EndProject
Global
	GlobalSection(SolutionConfigurationPlatforms) = preSolution
		Debug|Any CPU = Debug|Any CPU
		Release|Any CPU = Release|Any CPU
	EndGlobalSection
	GlobalSection(ProjectConfigurationPlatforms) = postSolution
		{4E32C1AB-7BC8-4F11-99AF-C191BA05AFEF}.Debug|Any CPU.ActiveCfg = Debug|Any CPU
		{4E32C1AB-7BC8-4F11-99AF-C191BA05AFEF}.Debug|Any CPU.Build.0 = Debug|Any CPU
		{4E32C1AB-7BC8-4F11-99AF-C191BA05AFEF}.Release|Any CPU.ActiveCfg = Release|Any CPU
		{4E32C1AB-7BC8-4F11-99AF-C191BA05AFEF}.Release|Any CPU.Build.0 = Release|Any CPU
	EndGlobalSection
	GlobalSection(SolutionProperties) = preSolution
		HideSolutionNode = FALSE
	EndGlobalSection
	GlobalSection(ExtensibilityGlobals) = postSolution
		SolutionGuid = {DA7B7196-8211-48F2-A881-9793045A1682}
	EndGlobalSection
EndGlobal
